# This file is automatically @generated by Cargo.
# It is not intended for manual editing.
version = 4

[[package]]
name = "use-atomic-mass"
version = "0.1.0"
dependencies = [
 "use-element",
]

[[package]]
name = "use-atomic-number"
version = "0.1.0"
dependencies = [
 "use-element",
]

[[package]]
name = "use-bond"
version = "0.1.0"

[[package]]
name = "use-chemical-formula"
version = "0.1.0"

[[package]]
name = "use-chemistry"
version = "0.1.0"
dependencies = [
 "use-atomic-mass",
 "use-atomic-number",
 "use-bond",
 "use-chemical-formula",
 "use-compound",
 "use-electron-shell",
 "use-element",
 "use-isotope",
 "use-molecule",
 "use-periodic-table",
]

[[package]]
name = "use-compound"
version = "0.1.0"
dependencies = [
 "use-chemical-formula",
]

[[package]]
name = "use-electron-shell"
version = "0.1.0"
dependencies = [
 "use-element",
]

[[package]]
name = "use-element"
version = "0.1.0"

[[package]]
name = "use-isotope"
version = "0.1.0"
dependencies = [
 "use-element",
]

[[package]]
name = "use-molecule"
version = "0.1.0"
dependencies = [
 "use-chemical-formula",
]

[[package]]
name = "use-periodic-table"
version = "0.1.0"
dependencies = [
 "use-element",
]
