# This file is automatically @generated by Cargo.
# It is not intended for manual editing.
version = 4

[[package]]
name = "use-atomic-mass"
version = "0.1.0"
dependencies = [
 "use-element",
]

[[package]]
name = "use-atomic-number"
version = "0.1.0"
dependencies = [
 "use-element",
]

[[package]]
name = "use-electron-shell"
version = "0.1.0"
dependencies = [
 "use-element",
]

[[package]]
name = "use-element"
version = "0.1.0"

[[package]]
name = "use-periodic-table"
version = "0.1.0"
dependencies = [
 "use-element",
]
